
Microsoft Visual Studio Solution File, Format Version 12.00
# Visual Studio Version 16
VisualStudioVersion = 16.0.29709.97
MinimumVisualStudioVersion = 10.0.40219.1
Project("{FAE04EC0-301F-11D3-BF4B-00C04F79EFBC}") = "BlazorContentEditable", "BlazorContentEditable.csproj", "{7085AEA8-B069-47B4-AAC2-4F7774EB194C}"
EndProject
Global
	GlobalSection(SolutionConfigurationPlatforms) = preSolution
		Debug|Any CPU = Debug|Any CPU
		Release|Any CPU = Release|Any CPU
	EndGlobalSection
	GlobalSection(ProjectConfigurationPlatforms) = postSolution
		{7085AEA8-B069-47B4-AAC2-4F7774EB194C}.Debug|Any CPU.ActiveCfg = Debug|Any CPU
		{7085AEA8-B069-47B4-AAC2-4F7774EB194C}.Debug|Any CPU.Build.0 = Debug|Any CPU
		{7085AEA8-B069-47B4-AAC2-4F7774EB194C}.Release|Any CPU.ActiveCfg = Release|Any CPU
		{7085AEA8-B069-47B4-AAC2-4F7774EB194C}.Release|Any CPU.Build.0 = Release|Any CPU
	EndGlobalSection
	GlobalSection(SolutionProperties) = preSolution
		HideSolutionNode = FALSE
	EndGlobalSection
	GlobalSection(ExtensibilityGlobals) = postSolution
		SolutionGuid = {006BE6E0-CAD1-492D-9F94-587DD4C74DDB}
	EndGlobalSection
EndGlobal
