
Microsoft Visual Studio Solution File, Format Version 12.00
# Visual Studio Version 16
VisualStudioVersion = 16.0.29709.97
MinimumVisualStudioVersion = 10.0.40219.1
Project("{9A19103F-16F7-4668-BE54-9A1E7A4F7556}") = "BlazorContentEditable", "Projects\BlazorContentEditable\BlazorContentEditable.csproj", "{47FA8431-75B5-4BDC-B1EB-6C02E92905F1}"
EndProject
Project("{9A19103F-16F7-4668-BE54-9A1E7A4F7556}") = "Dev", "Projects\Dev\Dev.csproj", "{8C3CC8F1-0B29-4BEC-BD03-342008E74120}"
EndProject
Project("{9A19103F-16F7-4668-BE54-9A1E7A4F7556}") = "ServerDemo", "Projects\ServerDemo\ServerDemo.csproj", "{0ADAD9F4-396E-4814-A790-6C7A275089C3}"
EndProject
Project("{9A19103F-16F7-4668-BE54-9A1E7A4F7556}") = "WebAssemblyDemo", "Projects\WebAssemblyDemo\WebAssemblyDemo.csproj", "{B7ECA352-7BA1-404D-AE00-2C375E12AE83}"
EndProject
Global
	GlobalSection(SolutionConfigurationPlatforms) = preSolution
		Debug|Any CPU = Debug|Any CPU
		Release|Any CPU = Release|Any CPU
	EndGlobalSection
	GlobalSection(ProjectConfigurationPlatforms) = postSolution
		{47FA8431-75B5-4BDC-B1EB-6C02E92905F1}.Debug|Any CPU.ActiveCfg = Debug|Any CPU
		{47FA8431-75B5-4BDC-B1EB-6C02E92905F1}.Debug|Any CPU.Build.0 = Debug|Any CPU
		{47FA8431-75B5-4BDC-B1EB-6C02E92905F1}.Release|Any CPU.ActiveCfg = Release|Any CPU
		{47FA8431-75B5-4BDC-B1EB-6C02E92905F1}.Release|Any CPU.Build.0 = Release|Any CPU
		{8C3CC8F1-0B29-4BEC-BD03-342008E74120}.Debug|Any CPU.ActiveCfg = Debug|Any CPU
		{8C3CC8F1-0B29-4BEC-BD03-342008E74120}.Debug|Any CPU.Build.0 = Debug|Any CPU
		{8C3CC8F1-0B29-4BEC-BD03-342008E74120}.Release|Any CPU.ActiveCfg = Release|Any CPU
		{8C3CC8F1-0B29-4BEC-BD03-342008E74120}.Release|Any CPU.Build.0 = Release|Any CPU
		{0ADAD9F4-396E-4814-A790-6C7A275089C3}.Debug|Any CPU.ActiveCfg = Debug|Any CPU
		{0ADAD9F4-396E-4814-A790-6C7A275089C3}.Debug|Any CPU.Build.0 = Debug|Any CPU
		{0ADAD9F4-396E-4814-A790-6C7A275089C3}.Release|Any CPU.ActiveCfg = Release|Any CPU
		{0ADAD9F4-396E-4814-A790-6C7A275089C3}.Release|Any CPU.Build.0 = Release|Any CPU
		{B7ECA352-7BA1-404D-AE00-2C375E12AE83}.Debug|Any CPU.ActiveCfg = Debug|Any CPU
		{B7ECA352-7BA1-404D-AE00-2C375E12AE83}.Debug|Any CPU.Build.0 = Debug|Any CPU
		{B7ECA352-7BA1-404D-AE00-2C375E12AE83}.Release|Any CPU.ActiveCfg = Release|Any CPU
		{B7ECA352-7BA1-404D-AE00-2C375E12AE83}.Release|Any CPU.Build.0 = Release|Any CPU
	EndGlobalSection
	GlobalSection(SolutionProperties) = preSolution
		HideSolutionNode = FALSE
	EndGlobalSection
	GlobalSection(ExtensibilityGlobals) = postSolution
		SolutionGuid = {006BE6E0-CAD1-492D-9F94-587DD4C74DDB}
	EndGlobalSection
EndGlobal
